
Microsoft Visual Studio Solution File, Format Version 12.00
# Visual Studio Version 17
VisualStudioVersion = 17.8.34330.188
MinimumVisualStudioVersion = 10.0.40219.1
Project("{888888A0-9F3D-457C-B088-3A5042F75D52}") = "guessing_game", "guessing_game.pyproj", "{F19D5158-10B5-49CD-BDA2-BF5884EF7315}"
EndProject
Global
	GlobalSection(SolutionConfigurationPlatforms) = preSolution
		Debug|Any CPU = Debug|Any CPU
		Release|Any CPU = Release|Any CPU
	EndGlobalSection
	GlobalSection(ProjectConfigurationPlatforms) = postSolution
		{F19D5158-10B5-49CD-BDA2-BF5884EF7315}.Debug|Any CPU.ActiveCfg = Debug|Any CPU
		{F19D5158-10B5-49CD-BDA2-BF5884EF7315}.Release|Any CPU.ActiveCfg = Release|Any CPU
	EndGlobalSection
	GlobalSection(SolutionProperties) = preSolution
		HideSolutionNode = FALSE
	EndGlobalSection
	GlobalSection(ExtensibilityGlobals) = postSolution
		SolutionGuid = {D6886739-5536-473F-BD61-1AD6257547A7}
	EndGlobalSection
EndGlobal
